{
  "name": "playwright-browser",
  "version": "1.0.0",
  "lockfileVersion": 3,
  "requires": true,
  "packages": {
    "": {
      "name": "playwright-browser",
      "version": "1.0.0",
      "license": "ISC",
      "dependencies": {
        "@playwright/mcp": "^0.0.50",
        "playwright": "^1.58.0-alpha-2025-11-30"
      }
    },
    "node_modules/@playwright/mcp": {
      "version": "0.0.50",
      "resolved": "https://registry.npmjs.org/@playwright/mcp/-/mcp-0.0.50.tgz",
      "integrity": "sha512-doUXZj0C+XeLF3nDPuXr2kkOvbVbSrBVPMgrpYn/ZSud9bNe1ZF7KzpCzSBCncKEzwdDoJC5w7bX7eSQ7bw13w==",
      "license": "Apache-2.0",
      "dependencies": {
        "playwright": "1.58.0-alpha-2025-11-30",
        "playwright-core": "1.58.0-alpha-2025-11-30"
      },
      "bin": {
        "mcp-server-playwright": "cli.js"
      },
      "engines": {
        "node": ">=18"
      }
    },
    "node_modules/fsevents": {
      "version": "2.3.2",
      "resolved": "https://registry.npmjs.org/fsevents/-/fsevents-2.3.2.tgz",
      "integrity": "sha512-xiqMQR4xAeHTuB9uWm+fFRcIOgKBMiOBP+eXiyT7jsgVCq1bkVygt00oASowB7EdtpOHaaPgKt812P9ab+DDKA==",
      "hasInstallScript": true,
      "license": "MIT",
      "optional": true,
      "os": [
        "darwin"
      ],
      "engines": {
        "node": "^8.16.0 || ^10.6.0 || >=11.0.0"
      }
    },
    "node_modules/playwright": {
      "version": "1.58.0-alpha-2025-11-30",
      "resolved": "https://registry.npmjs.org/playwright/-/playwright-1.58.0-alpha-2025-11-30.tgz",
      "integrity": "sha512-dzAIbd9MED4dQsPM6leA9rhKEXBf8L7mf+/CgYTeOrDuGNCznEr4PYQSvGPviLfiVyLFPpnPur1N0bVu8ZgJww==",
      "license": "Apache-2.0",
      "dependencies": {
        "playwright-core": "1.58.0-alpha-2025-11-30"
      },
      "bin": {
        "playwright": "cli.js"
      },
      "engines": {
        "node": ">=18"
      },
      "optionalDependencies": {
        "fsevents": "2.3.2"
      }
    },
    "node_modules/playwright-core": {
      "version": "1.58.0-alpha-2025-11-30",
      "resolved": "https://registry.npmjs.org/playwright-core/-/playwright-core-1.58.0-alpha-2025-11-30.tgz",
      "integrity": "sha512-Fp4yazc8jiZsMTMMfNIstrIEW3koKsQWjbvDlzir+r6TctZHV/ZGqaxBN+Bbaoqkd1EsR1+Q7wGdwMZh3aP7XQ==",
      "license": "Apache-2.0",
      "bin": {
        "playwright-core": "cli.js"
      },
      "engines": {
        "node": ">=18"
      }
    }
  }
}
